
Microsoft Visual Studio Solution File, Format Version 12.00
# Visual Studio Version 17
VisualStudioVersion = 17.10.34916.146
MinimumVisualStudioVersion = 10.0.40219.1
Project("{FAE04EC0-301F-11D3-BF4B-00C04F79EFBC}") = "Laptify_MVC", "Laptify_MVC\Laptify_MVC.csproj", "{9EEB8D81-50EE-4266-8D44-82363442B742}"
EndProject
Global
	GlobalSection(SolutionConfigurationPlatforms) = preSolution
		Debug|Any CPU = Debug|Any CPU
		Release|Any CPU = Release|Any CPU
	EndGlobalSection
	GlobalSection(ProjectConfigurationPlatforms) = postSolution
		{9EEB8D81-50EE-4266-8D44-82363442B742}.Debug|Any CPU.ActiveCfg = Debug|Any CPU
		{9EEB8D81-50EE-4266-8D44-82363442B742}.Debug|Any CPU.Build.0 = Debug|Any CPU
		{9EEB8D81-50EE-4266-8D44-82363442B742}.Release|Any CPU.ActiveCfg = Release|Any CPU
		{9EEB8D81-50EE-4266-8D44-82363442B742}.Release|Any CPU.Build.0 = Release|Any CPU
	EndGlobalSection
	GlobalSection(SolutionProperties) = preSolution
		HideSolutionNode = FALSE
	EndGlobalSection
	GlobalSection(ExtensibilityGlobals) = postSolution
		SolutionGuid = {77346D0B-2B13-4A62-A3B5-8218380DB854}
	EndGlobalSection
EndGlobal
